
Microsoft Visual Studio Solution File, Format Version 12.00
# Visual Studio Version 16
VisualStudioVersion = 16.0.32228.343
MinimumVisualStudioVersion = 10.0.40219.1
Project("{FAE04EC0-301F-11D3-BF4B-00C04F79EFBC}") = "userManagementSystem", "userManagementSystem.csproj", "{0D2C1383-9907-4FE1-88E5-541638FFB801}"
EndProject
Global
	GlobalSection(SolutionConfigurationPlatforms) = preSolution
		Debug|Any CPU = Debug|Any CPU
		Release|Any CPU = Release|Any CPU
	EndGlobalSection
	GlobalSection(ProjectConfigurationPlatforms) = postSolution
		{0D2C1383-9907-4FE1-88E5-541638FFB801}.Debug|Any CPU.ActiveCfg = Debug|Any CPU
		{0D2C1383-9907-4FE1-88E5-541638FFB801}.Debug|Any CPU.Build.0 = Debug|Any CPU
		{0D2C1383-9907-4FE1-88E5-541638FFB801}.Release|Any CPU.ActiveCfg = Release|Any CPU
		{0D2C1383-9907-4FE1-88E5-541638FFB801}.Release|Any CPU.Build.0 = Release|Any CPU
	EndGlobalSection
	GlobalSection(SolutionProperties) = preSolution
		HideSolutionNode = FALSE
	EndGlobalSection
	GlobalSection(ExtensibilityGlobals) = postSolution
		SolutionGuid = {5E1BD24A-BF7C-4E2C-BAAC-D3C9BC5CA969}
	EndGlobalSection
EndGlobal
